
Microsoft Visual Studio Solution File, Format Version 12.00
# Visual Studio 14
VisualStudioVersion = 14.0.25420.1
MinimumVisualStudioVersion = 10.0.40219.1
Project("{FAE04EC0-301F-11D3-BF4B-00C04F79EFBC}") = "WebApp", "WebApp\WebApp.csproj", "{B03AA62A-C7BB-465C-921D-39A8391D2A85}"
EndProject
Project("{FAE04EC0-301F-11D3-BF4B-00C04F79EFBC}") = "DAL", "DAL\DAL.csproj", "{EF9E94AF-5A19-481B-ABC5-6F436F08A4B0}"
EndProject
Global
	GlobalSection(SolutionConfigurationPlatforms) = preSolution
		Debug|Any CPU = Debug|Any CPU
		Release|Any CPU = Release|Any CPU
	EndGlobalSection
	GlobalSection(ProjectConfigurationPlatforms) = postSolution
		{B03AA62A-C7BB-465C-921D-39A8391D2A85}.Debug|Any CPU.ActiveCfg = Debug|Any CPU
		{B03AA62A-C7BB-465C-921D-39A8391D2A85}.Debug|Any CPU.Build.0 = Debug|Any CPU
		{B03AA62A-C7BB-465C-921D-39A8391D2A85}.Release|Any CPU.ActiveCfg = Release|Any CPU
		{B03AA62A-C7BB-465C-921D-39A8391D2A85}.Release|Any CPU.Build.0 = Release|Any CPU
		{EF9E94AF-5A19-481B-ABC5-6F436F08A4B0}.Debug|Any CPU.ActiveCfg = Debug|Any CPU
		{EF9E94AF-5A19-481B-ABC5-6F436F08A4B0}.Debug|Any CPU.Build.0 = Debug|Any CPU
		{EF9E94AF-5A19-481B-ABC5-6F436F08A4B0}.Release|Any CPU.ActiveCfg = Release|Any CPU
		{EF9E94AF-5A19-481B-ABC5-6F436F08A4B0}.Release|Any CPU.Build.0 = Release|Any CPU
	EndGlobalSection
	GlobalSection(SolutionProperties) = preSolution
		HideSolutionNode = FALSE
	EndGlobalSection
EndGlobal
